// !$*UTF8*$!
{
	archiveVersion = 1;
	classes = {
	};
	objectVersion = 46;
	objects = {

/* Begin PBXBuildFile section */
		5FA718A318656FA7006DDE7A /* Foundation.framework in Frameworks */ = {isa = PBXBuildFile; fileRef = 5FA718A218656FA7006DDE7A /* Foundation.framework */; };
		5FA718A518656FA7006DDE7A /* CoreGraphics.framework in Frameworks */ = {isa = PBXBuildFile; fileRef = 5FA718A418656FA7006DDE7A /* CoreGraphics.framework */; };
		5FA718A718656FA7006DDE7A /* UIKit.framework in Frameworks */ = {isa = PBXBuildFile; fileRef = 5FA718A618656FA7006DDE7A /* UIKit.framework */; };
		5FA718AD18656FA8006DDE7A /* InfoPlist.strings in Resources */ = {isa = PBXBuildFile; fileRef = 5FA718AB18656FA8006DDE7A /* InfoPlist.strings */; };
		5FA718AF18656FA8006DDE7A /* main.m in Sources */ = {isa = PBXBuildFile; fileRef = 5FA718AE18656FA8006DDE7A /* main.m */; };
		5FA718B318656FA8006DDE7A /* HMPAppDelegate.m in Sources */ = {isa = PBXBuildFile; fileRef = 5FA718B218656FA8006DDE7A /* HMPAppDelegate.m */; };
		5FA718B618656FA8006DDE7A /* Main.storyboard in Resources */ = {isa = PBXBuildFile; fileRef = 5FA718B418656FA8006DDE7A /* Main.storyboard */; };
		5FA718B918656FA8006DDE7A /* HMPViewController.m in Sources */ = {isa = PBXBuildFile; fileRef = 5FA718B818656FA8006DDE7A /* HMPViewController.m */; };
		5FA718BB18656FA8006DDE7A /* Images.xcassets in Resources */ = {isa = PBXBuildFile; fileRef = 5FA718BA18656FA8006DDE7A /* Images.xcassets */; };
		5FA718C218656FA8006DDE7A /* XCTest.framework in Frameworks */ = {isa = PBXBuildFile; fileRef = 5FA718C118656FA8006DDE7A /* XCTest.framework */; };
		5FA718C318656FA8006DDE7A /* Foundation.framework in Frameworks */ = {isa = PBXBuildFile; fileRef = 5FA718A218656FA7006DDE7A /* Foundation.framework */; };
		5FA718C418656FA8006DDE7A /* UIKit.framework in Frameworks */ = {isa = PBXBuildFile; fileRef = 5FA718A618656FA7006DDE7A /* UIKit.framework */; };
		5FA718CC18656FA8006DDE7A /* InfoPlist.strings in Resources */ = {isa = PBXBuildFile; fileRef = 5FA718CA18656FA8006DDE7A /* InfoPlist.strings */; };
		5FA718CE18656FA8006DDE7A /* HomeMapTests.m in Sources */ = {isa = PBXBuildFile; fileRef = 5FA718CD18656FA8006DDE7A /* HomeMapTests.m */; };
/* End PBXBuildFile section */

/* Begin PBXContainerItemProxy section */
		5FA718C518656FA8006DDE7A /* PBXContainerItemProxy */ = {
			isa = PBXContainerItemProxy;
			containerPortal = 5FA7189718656FA7006DDE7A /* Project object */;
			proxyType = 1;
			remoteGlobalIDString = 5FA7189E18656FA7006DDE7A;
			remoteInfo = HomeMap;
		};
/* End PBXContainerItemProxy section */

/* Begin PBXFileReference section */
		5FA7189F18656FA7006DDE7A /* HomeMap.app */ = {isa = PBXFileReference; explicitFileType = wrapper.application; includeInIndex = 0; path = HomeMap.app; sourceTree = BUILT_PRODUCTS_DIR; };
		5FA718A218656FA7006DDE7A /* Foundation.framework */ = {isa = PBXFileReference; lastKnownFileType = wrapper.framework; name = Foundation.framework; path = System/Library/Frameworks/Foundation.framework; sourceTree = SDKROOT; };
		5FA718A418656FA7006DDE7A /* CoreGraphics.framework */ = {isa = PBXFileReference; lastKnownFileType = wrapper.framework; name = CoreGraphics.framework; path = System/Library/Frameworks/CoreGraphics.framework; sourceTree = SDKROOT; };
		5FA718A618656FA7006DDE7A /* UIKit.framework */ = {isa = PBXFileReference; lastKnownFileType = wrapper.framework; name = UIKit.framework; path = System/Library/Frameworks/UIKit.framework; sourceTree = SDKROOT; };
		5FA718AA18656FA8006DDE7A /* HomeMap-Info.plist */ = {isa = PBXFileReference; lastKnownFileType = text.plist.xml; path = "HomeMap-Info.plist"; sourceTree = "<group>"; };
		5FA718AC18656FA8006DDE7A /* en */ = {isa = PBXFileReference; lastKnownFileType = text.plist.strings; name = en; path = en.lproj/InfoPlist.strings; sourceTree = "<group>"; };
		5FA718AE18656FA8006DDE7A /* main.m */ = {isa = PBXFileReference; lastKnownFileType = sourcecode.c.objc; path = main.m; sourceTree = "<group>"; };
		5FA718B018656FA8006DDE7A /* HomeMap-Prefix.pch */ = {isa = PBXFileReference; lastKnownFileType = sourcecode.c.h; path = "HomeMap-Prefix.pch"; sourceTree = "<group>"; };
		5FA718B118656FA8006DDE7A /* HMPAppDelegate.h */ = {isa = PBXFileReference; lastKnownFileType = sourcecode.c.h; path = HMPAppDelegate.h; sourceTree = "<group>"; };
		5FA718B218656FA8006DDE7A /* HMPAppDelegate.m */ = {isa = PBXFileReference; lastKnownFileType = sourcecode.c.objc; path = HMPAppDelegate.m; sourceTree = "<group>"; };
		5FA718B518656FA8006DDE7A /* Base */ = {isa = PBXFileReference; lastKnownFileType = file.storyboard; name = Base; path = Base.lproj/Main.storyboard; sourceTree = "<group>"; };
		5FA718B718656FA8006DDE7A /* HMPViewController.h */ = {isa = PBXFileReference; lastKnownFileType = sourcecode.c.h; path = HMPViewController.h; sourceTree = "<group>"; };
		5FA718B818656FA8006DDE7A /* HMPViewController.m */ = {isa = PBXFileReference; lastKnownFileType = sourcecode.c.objc; path = HMPViewController.m; sourceTree = "<group>"; };
		5FA718BA18656FA8006DDE7A /* Images.xcassets */ = {isa = PBXFileReference; lastKnownFileType = folder.assetcatalog; path = Images.xcassets; sourceTree = "<group>"; };
		5FA718C018656FA8006DDE7A /* HomeMapTests.xctest */ = {isa = PBXFileReference; explicitFileType = wrapper.cfbundle; includeInIndex = 0; path = HomeMapTests.xctest; sourceTree = BUILT_PRODUCTS_DIR; };
		5FA718C118656FA8006DDE7A /* XCTest.framework */ = {isa = PBXFileReference; lastKnownFileType = wrapper.framework; name = XCTest.framework; path = Library/Frameworks/XCTest.framework; sourceTree = DEVELOPER_DIR; };
		5FA718C918656FA8006DDE7A /* HomeMapTests-Info.plist */ = {isa = PBXFileReference; lastKnownFileType = text.plist.xml; path = "HomeMapTests-Info.plist"; sourceTree = "<group>"; };
		5FA718CB18656FA8006DDE7A /* en */ = {isa = PBXFileReference; lastKnownFileType = text.plist.strings; name = en; path = en.lproj/InfoPlist.strings; sourceTree = "<group>"; };
		5FA718CD18656FA8006DDE7A /* HomeMapTests.m */ = {isa = PBXFileReference; lastKnownFileType = sourcecode.c.objc; path = HomeMapTests.m; sourceTree = "<group>"; };
/* End PBXFileReference section */

/* Begin PBXFrameworksBuildPhase section */
		5FA7189C18656FA7006DDE7A /* Frameworks */ = {
			isa = PBXFrameworksBuildPhase;
			buildActionMask = 2147483647;
			files = (
				5FA718A518656FA7006DDE7A /* CoreGraphics.framework in Frameworks */,
				5FA718A718656FA7006DDE7A /* UIKit.framework in Frameworks */,
				5FA718A318656FA7006DDE7A /* Foundation.framework in Frameworks */,
			);
			runOnlyForDeploymentPostprocessing = 0;
		};
		5FA718BD18656FA8006DDE7A /* Frameworks */ = {
			isa = PBXFrameworksBuildPhase;
			buildActionMask = 2147483647;
			files = (
				5FA718C218656FA8006DDE7A /* XCTest.framework in Frameworks */,
				5FA718C418656FA8006DDE7A /* UIKit.framework in Frameworks */,
				5FA718C318656FA8006DDE7A /* Foundation.framework in Frameworks */,
			);
			runOnlyForDeploymentPostprocessing = 0;
		};
/* End PBXFrameworksBuildPhase section */

/* Begin PBXGroup section */
		5FA7189618656FA7006DDE7A = {
			isa = PBXGroup;
			children = (
				5FA718A818656FA7006DDE7A /* HomeMap */,
				5FA718C718656FA8006DDE7A /* HomeMapTests */,
				5FA718A118656FA7006DDE7A /* Frameworks */,
				5FA718A018656FA7006DDE7A /* Products */,
			);
			sourceTree = "<group>";
		};
		5FA718A018656FA7006DDE7A /* Products */ = {
			isa = PBXGroup;
			children = (
				5FA7189F18656FA7006DDE7A /* HomeMap.app */,
				5FA718C018656FA8006DDE7A /* HomeMapTests.xctest */,
			);
			name = Products;
			sourceTree = "<group>";
		};
		5FA718A118656FA7006DDE7A /* Frameworks */ = {
			isa = PBXGroup;
			children = (
				5FA718A218656FA7006DDE7A /* Foundation.framework */,
				5FA718A418656FA7006DDE7A /* CoreGraphics.framework */,
				5FA718A618656FA7006DDE7A /* UIKit.framework */,
				5FA718C118656FA8006DDE7A /* XCTest.framework */,
			);
			name = Frameworks;
			sourceTree = "<group>";
		};
		5FA718A818656FA7006DDE7A /* HomeMap */ = {
			isa = PBXGroup;
			children = (
				5FA718B118656FA8006DDE7A /* HMPAppDelegate.h */,
				5FA718B218656FA8006DDE7A /* HMPAppDelegate.m */,
				5FA718B418656FA8006DDE7A /* Main.storyboard */,
				5FA718B718656FA8006DDE7A /* HMPViewController.h */,
				5FA718B818656FA8006DDE7A /* HMPViewController.m */,
				5FA718BA18656FA8006DDE7A /* Images.xcassets */,
				5FA718A918656FA8006DDE7A /* Supporting Files */,
			);
			path = HomeMap;
			sourceTree = "<group>";
		};
		5FA718A918656FA8006DDE7A /* Supporting Files */ = {
			isa = PBXGroup;
			children = (
				5FA718AA18656FA8006DDE7A /* HomeMap-Info.plist */,
				5FA718AB18656FA8006DDE7A /* InfoPlist.strings */,
				5FA718AE18656FA8006DDE7A /* main.m */,
				5FA718B018656FA8006DDE7A /* HomeMap-Prefix.pch */,
			);
			name = "Supporting Files";
			sourceTree = "<group>";
		};
		5FA718C718656FA8006DDE7A /* HomeMapTests */ = {
			isa = PBXGroup;
			children = (
				5FA718CD18656FA8006DDE7A /* HomeMapTests.m */,
				5FA718C818656FA8006DDE7A /* Supporting Files */,
			);
			path = HomeMapTests;
			sourceTree = "<group>";
		};
		5FA718C818656FA8006DDE7A /* Supporting Files */ = {
			isa = PBXGroup;
			children = (
				5FA718C918656FA8006DDE7A /* HomeMapTests-Info.plist */,
				5FA718CA18656FA8006DDE7A /* InfoPlist.strings */,
			);
			name = "Supporting Files";
			sourceTree = "<group>";
		};
/* End PBXGroup section */

/* Begin PBXNativeTarget section */
		5FA7189E18656FA7006DDE7A /* HomeMap */ = {
			isa = PBXNativeTarget;
			buildConfigurationList = 5FA718D118656FA8006DDE7A /* Build configuration list for PBXNativeTarget "HomeMap" */;
			buildPhases = (
				5FA7189B18656FA7006DDE7A /* Sources */,
				5FA7189C18656FA7006DDE7A /* Frameworks */,
				5FA7189D18656FA7006DDE7A /* Resources */,
			);
			buildRules = (
			);
			dependencies = (
			);
			name = HomeMap;
			productName = HomeMap;
			productReference = 5FA7189F18656FA7006DDE7A /* HomeMap.app */;
			productType = "com.apple.product-type.application";
		};
		5FA718BF18656FA8006DDE7A /* HomeMapTests */ = {
			isa = PBXNativeTarget;
			buildConfigurationList = 5FA718D418656FA8006DDE7A /* Build configuration list for PBXNativeTarget "HomeMapTests" */;
			buildPhases = (
				5FA718BC18656FA8006DDE7A /* Sources */,
				5FA718BD18656FA8006DDE7A /* Frameworks */,
				5FA718BE18656FA8006DDE7A /* Resources */,
			);
			buildRules = (
			);
			dependencies = (
				5FA718C618656FA8006DDE7A /* PBXTargetDependency */,
			);
			name = HomeMapTests;
			productName = HomeMapTests;
			productReference = 5FA718C018656FA8006DDE7A /* HomeMapTests.xctest */;
			productType = "com.apple.product-type.bundle.unit-test";
		};
/* End PBXNativeTarget section */

/* Begin PBXProject section */
		5FA7189718656FA7006DDE7A /* Project object */ = {
			isa = PBXProject;
			attributes = {
				CLASSPREFIX = HMP;
				LastUpgradeCheck = 0500;
				ORGANIZATIONNAME = "Tajima Isamu";
				TargetAttributes = {
					5FA718BF18656FA8006DDE7A = {
						TestTargetID = 5FA7189E18656FA7006DDE7A;
					};
				};
			};
			buildConfigurationList = 5FA7189A18656FA7006DDE7A /* Build configuration list for PBXProject "HomeMap" */;
			compatibilityVersion = "Xcode 3.2";
			developmentRegion = English;
			hasScannedForEncodings = 0;
			knownRegions = (
				en,
				Base,
			);
			mainGroup = 5FA7189618656FA7006DDE7A;
			productRefGroup = 5FA718A018656FA7006DDE7A /* Products */;
			projectDirPath = "";
			projectRoot = "";
			targets = (
				5FA7189E18656FA7006DDE7A /* HomeMap */,
				5FA718BF18656FA8006DDE7A /* HomeMapTests */,
			);
		};
/* End PBXProject section */

/* Begin PBXResourcesBuildPhase section */
		5FA7189D18656FA7006DDE7A /* Resources */ = {
			isa = PBXResourcesBuildPhase;
			buildActionMask = 2147483647;
			files = (
				5FA718BB18656FA8006DDE7A /* Images.xcassets in Resources */,
				5FA718AD18656FA8006DDE7A /* InfoPlist.strings in Resources */,
				5FA718B618656FA8006DDE7A /* Main.storyboard in Resources */,
			);
			runOnlyForDeploymentPostprocessing = 0;
		};
		5FA718BE18656FA8006DDE7A /* Resources */ = {
			isa = PBXResourcesBuildPhase;
			buildActionMask = 2147483647;
			files = (
				5FA718CC18656FA8006DDE7A /* InfoPlist.strings in Resources */,
			);
			runOnlyForDeploymentPostprocessing = 0;
		};
/* End PBXResourcesBuildPhase section */

/* Begin PBXSourcesBuildPhase section */
		5FA7189B18656FA7006DDE7A /* Sources */ = {
			isa = PBXSourcesBuildPhase;
			buildActionMask = 2147483647;
			files = (
				5FA718B918656FA8006DDE7A /* HMPViewController.m in Sources */,
				5FA718B318656FA8006DDE7A /* HMPAppDelegate.m in Sources */,
				5FA718AF18656FA8006DDE7A /* main.m in Sources */,
			);
			runOnlyForDeploymentPostprocessing = 0;
		};
		5FA718BC18656FA8006DDE7A /* Sources */ = {
			isa = PBXSourcesBuildPhase;
			buildActionMask = 2147483647;
			files = (
				5FA718CE18656FA8006DDE7A /* HomeMapTests.m in Sources */,
			);
			runOnlyForDeploymentPostprocessing = 0;
		};
/* End PBXSourcesBuildPhase section */

/* Begin PBXTargetDependency section */
		5FA718C618656FA8006DDE7A /* PBXTargetDependency */ = {
			isa = PBXTargetDependency;
			target = 5FA7189E18656FA7006DDE7A /* HomeMap */;
			targetProxy = 5FA718C518656FA8006DDE7A /* PBXContainerItemProxy */;
		};
/* End PBXTargetDependency section */

/* Begin PBXVariantGroup section */
		5FA718AB18656FA8006DDE7A /* InfoPlist.strings */ = {
			isa = PBXVariantGroup;
			children = (
				5FA718AC18656FA8006DDE7A /* en */,
			);
			name = InfoPlist.strings;
			sourceTree = "<group>";
		};
		5FA718B418656FA8006DDE7A /* Main.storyboard */ = {
			isa = PBXVariantGroup;
			children = (
				5FA718B518656FA8006DDE7A /* Base */,
			);
			name = Main.storyboard;
			sourceTree = "<group>";
		};
		5FA718CA18656FA8006DDE7A /* InfoPlist.strings */ = {
			isa = PBXVariantGroup;
			children = (
				5FA718CB18656FA8006DDE7A /* en */,
			);
			name = InfoPlist.strings;
			sourceTree = "<group>";
		};
/* End PBXVariantGroup section */

/* Begin XCBuildConfiguration section */
		5FA718CF18656FA8006DDE7A /* Debug */ = {
			isa = XCBuildConfiguration;
			buildSettings = {
				ALWAYS_SEARCH_USER_PATHS = NO;
				ARCHS = "$(ARCHS_STANDARD_INCLUDING_64_BIT)";
				CLANG_CXX_LANGUAGE_STANDARD = "gnu++0x";
				CLANG_CXX_LIBRARY = "libc++";
				CLANG_ENABLE_MODULES = YES;
				CLANG_ENABLE_OBJC_ARC = YES;
				CLANG_WARN_BOOL_CONVERSION = YES;
				CLANG_WARN_CONSTANT_CONVERSION = YES;
				CLANG_WARN_DIRECT_OBJC_ISA_USAGE = YES_ERROR;
				CLANG_WARN_EMPTY_BODY = YES;
				CLANG_WARN_ENUM_CONVERSION = YES;
				CLANG_WARN_INT_CONVERSION = YES;
				CLANG_WARN_OBJC_ROOT_CLASS = YES_ERROR;
				CLANG_WARN__DUPLICATE_METHOD_MATCH = YES;
				"CODE_SIGN_IDENTITY[sdk=iphoneos*]" = "iPhone Developer";
				COPY_PHASE_STRIP = NO;
				GCC_C_LANGUAGE_STANDARD = gnu99;
				GCC_DYNAMIC_NO_PIC = NO;
				GCC_OPTIMIZATION_LEVEL = 0;
				GCC_PREPROCESSOR_DEFINITIONS = (
					"DEBUG=1",
					"$(inherited)",
				);
				GCC_SYMBOLS_PRIVATE_EXTERN = NO;
				GCC_WARN_64_TO_32_BIT_CONVERSION = YES;
				GCC_WARN_ABOUT_RETURN_TYPE = YES_ERROR;
				GCC_WARN_UNDECLARED_SELECTOR = YES;
				GCC_WARN_UNINITIALIZED_AUTOS = YES;
				GCC_WARN_UNUSED_FUNCTION = YES;
				GCC_WARN_UNUSED_VARIABLE = YES;
				IPHONEOS_DEPLOYMENT_TARGET = 7.0;
				ONLY_ACTIVE_ARCH = YES;
				SDKROOT = iphoneos;
			};
			name = Debug;
		};
		5FA718D018656FA8006DDE7A /* Release */ = {
			isa = XCBuildConfiguration;
			buildSettings = {
				ALWAYS_SEARCH_USER_PATHS = NO;
				ARCHS = "$(ARCHS_STANDARD_INCLUDING_64_BIT)";
				CLANG_CXX_LANGUAGE_STANDARD = "gnu++0x";
				CLANG_CXX_LIBRARY = "libc++";
				CLANG_ENABLE_MODULES = YES;
				CLANG_ENABLE_OBJC_ARC = YES;
				CLANG_WARN_BOOL_CONVERSION = YES;
				CLANG_WARN_CONSTANT_CONVERSION = YES;
				CLANG_WARN_DIRECT_OBJC_ISA_USAGE = YES_ERROR;
				CLANG_WARN_EMPTY_BODY = YES;
				CLANG_WARN_ENUM_CONVERSION = YES;
				CLANG_WARN_INT_CONVERSION = YES;
				CLANG_WARN_OBJC_ROOT_CLASS = YES_ERROR;
				CLANG_WARN__DUPLICATE_METHOD_MATCH = YES;
				"CODE_SIGN_IDENTITY[sdk=iphoneos*]" = "iPhone Developer";
				COPY_PHASE_STRIP = YES;
				ENABLE_NS_ASSERTIONS = NO;
				GCC_C_LANGUAGE_STANDARD = gnu99;
				GCC_WARN_64_TO_32_BIT_CONVERSION = YES;
				GCC_WARN_ABOUT_RETURN_TYPE = YES_ERROR;
				GCC_WARN_UNDECLARED_SELECTOR = YES;
				GCC_WARN_UNINITIALIZED_AUTOS = YES;
				GCC_WARN_UNUSED_FUNCTION = YES;
				GCC_WARN_UNUSED_VARIABLE = YES;
				IPHONEOS_DEPLOYMENT_TARGET = 7.0;
				SDKROOT = iphoneos;
				VALIDATE_PRODUCT = YES;
			};
			name = Release;
		};
		5FA718D218656FA8006DDE7A /* Debug */ = {
			isa = XCBuildConfiguration;
			buildSettings = {
				ASSETCATALOG_COMPILER_APPICON_NAME = AppIcon;
				ASSETCATALOG_COMPILER_LAUNCHIMAGE_NAME = LaunchImage;
				GCC_PRECOMPILE_PREFIX_HEADER = YES;
				GCC_PREFIX_HEADER = "HomeMap/HomeMap-Prefix.pch";
				INFOPLIST_FILE = "HomeMap/HomeMap-Info.plist";
				PRODUCT_NAME = "$(TARGET_NAME)";
				WRAPPER_EXTENSION = app;
			};
			name = Debug;
		};
		5FA718D318656FA8006DDE7A /* Release */ = {
			isa = XCBuildConfiguration;
			buildSettings = {
				ASSETCATALOG_COMPILER_APPICON_NAME = AppIcon;
				ASSETCATALOG_COMPILER_LAUNCHIMAGE_NAME = LaunchImage;
				GCC_PRECOMPILE_PREFIX_HEADER = YES;
				GCC_PREFIX_HEADER = "HomeMap/HomeMap-Prefix.pch";
				INFOPLIST_FILE = "HomeMap/HomeMap-Info.plist";
				PRODUCT_NAME = "$(TARGET_NAME)";
				WRAPPER_EXTENSION = app;
			};
			name = Release;
		};
		5FA718D518656FA8006DDE7A /* Debug */ = {
			isa = XCBuildConfiguration;
			buildSettings = {
				ARCHS = "$(ARCHS_STANDARD_INCLUDING_64_BIT)";
				BUNDLE_LOADER = "$(BUILT_PRODUCTS_DIR)/HomeMap.app/HomeMap";
				FRAMEWORK_SEARCH_PATHS = (
					"$(SDKROOT)/Developer/Library/Frameworks",
					"$(inherited)",
					"$(DEVELOPER_FRAMEWORKS_DIR)",
				);
				GCC_PRECOMPILE_PREFIX_HEADER = YES;
				GCC_PREFIX_HEADER = "HomeMap/HomeMap-Prefix.pch";
				GCC_PREPROCESSOR_DEFINITIONS = (
					"DEBUG=1",
					"$(inherited)",
				);
				INFOPLIST_FILE = "HomeMapTests/HomeMapTests-Info.plist";
				PRODUCT_NAME = "$(TARGET_NAME)";
				TEST_HOST = "$(BUNDLE_LOADER)";
				WRAPPER_EXTENSION = xctest;
			};
			name = Debug;
		};
		5FA718D618656FA8006DDE7A /* Release */ = {
			isa = XCBuildConfiguration;
			buildSettings = {
				ARCHS = "$(ARCHS_STANDARD_INCLUDING_64_BIT)";
				BUNDLE_LOADER = "$(BUILT_PRODUCTS_DIR)/HomeMap.app/HomeMap";
				FRAMEWORK_SEARCH_PATHS = (
					"$(SDKROOT)/Developer/Library/Frameworks",
					"$(inherited)",
					"$(DEVELOPER_FRAMEWORKS_DIR)",
				);
				GCC_PRECOMPILE_PREFIX_HEADER = YES;
				GCC_PREFIX_HEADER = "HomeMap/HomeMap-Prefix.pch";
				INFOPLIST_FILE = "HomeMapTests/HomeMapTests-Info.plist";
				PRODUCT_NAME = "$(TARGET_NAME)";
				TEST_HOST = "$(BUNDLE_LOADER)";
				WRAPPER_EXTENSION = xctest;
			};
			name = Release;
		};
/* End XCBuildConfiguration section */

/* Begin XCConfigurationList section */
		5FA7189A18656FA7006DDE7A /* Build configuration list for PBXProject "HomeMap" */ = {
			isa = XCConfigurationList;
			buildConfigurations = (
				5FA718CF18656FA8006DDE7A /* Debug */,
				5FA718D018656FA8006DDE7A /* Release */,
			);
			defaultConfigurationIsVisible = 0;
			defaultConfigurationName = Release;
		};
		5FA718D118656FA8006DDE7A /* Build configuration list for PBXNativeTarget "HomeMap" */ = {
			isa = XCConfigurationList;
			buildConfigurations = (
				5FA718D218656FA8006DDE7A /* Debug */,
				5FA718D318656FA8006DDE7A /* Release */,
			);
			defaultConfigurationIsVisible = 0;
		};
		5FA718D418656FA8006DDE7A /* Build configuration list for PBXNativeTarget "HomeMapTests" */ = {
			isa = XCConfigurationList;
			buildConfigurations = (
				5FA718D518656FA8006DDE7A /* Debug */,
				5FA718D618656FA8006DDE7A /* Release */,
			);
			defaultConfigurationIsVisible = 0;
		};
/* End XCConfigurationList section */
	};
	rootObject = 5FA7189718656FA7006DDE7A /* Project object */;
}
